
Microsoft Visual Studio Solution File, Format Version 12.00
Project("{FAE04EC0-301F-11D3-BF4B-00C04F79EFBC}") = "Microting.eFormDashboardBase", "Microting.eFormDashboardBase\Microting.eFormDashboardBase.csproj", "{2AE36681-66F0-4E6D-B524-994D62BF4449}"
EndProject
Project("{2150E333-8FDC-42A3-9474-1A3956D46DE8}") = "Tests", "Tests", "{45B609D6-A124-473A-947D-A1EC9084D301}"
EndProject
Project("{FAE04EC0-301F-11D3-BF4B-00C04F79EFBC}") = "DBMigrator", "DBMigrator\DBMigrator.csproj", "{BB36AA73-EC92-4307-8F01-D62722AF7FBC}"
EndProject
Project("{FAE04EC0-301F-11D3-BF4B-00C04F79EFBC}") = "Microting.eFormeDashboardBase.Unit.Tests", "Microting.eFormeDashboardBase.Unit.Tests\Microting.eFormeDashboardBase.Unit.Tests.csproj", "{6B6CBA0E-BF2F-4664-B624-2C4B5432CBB6}"
EndProject
Global
	GlobalSection(SolutionConfigurationPlatforms) = preSolution
		Debug|Any CPU = Debug|Any CPU
		Release|Any CPU = Release|Any CPU
	EndGlobalSection
	GlobalSection(ProjectConfigurationPlatforms) = postSolution
		{2AE36681-66F0-4E6D-B524-994D62BF4449}.Debug|Any CPU.ActiveCfg = Debug|Any CPU
		{2AE36681-66F0-4E6D-B524-994D62BF4449}.Debug|Any CPU.Build.0 = Debug|Any CPU
		{2AE36681-66F0-4E6D-B524-994D62BF4449}.Release|Any CPU.ActiveCfg = Release|Any CPU
		{2AE36681-66F0-4E6D-B524-994D62BF4449}.Release|Any CPU.Build.0 = Release|Any CPU
		{BB36AA73-EC92-4307-8F01-D62722AF7FBC}.Debug|Any CPU.ActiveCfg = Debug|Any CPU
		{BB36AA73-EC92-4307-8F01-D62722AF7FBC}.Debug|Any CPU.Build.0 = Debug|Any CPU
		{BB36AA73-EC92-4307-8F01-D62722AF7FBC}.Release|Any CPU.ActiveCfg = Release|Any CPU
		{BB36AA73-EC92-4307-8F01-D62722AF7FBC}.Release|Any CPU.Build.0 = Release|Any CPU
		{6B6CBA0E-BF2F-4664-B624-2C4B5432CBB6}.Debug|Any CPU.ActiveCfg = Debug|Any CPU
		{6B6CBA0E-BF2F-4664-B624-2C4B5432CBB6}.Debug|Any CPU.Build.0 = Debug|Any CPU
		{6B6CBA0E-BF2F-4664-B624-2C4B5432CBB6}.Release|Any CPU.ActiveCfg = Release|Any CPU
		{6B6CBA0E-BF2F-4664-B624-2C4B5432CBB6}.Release|Any CPU.Build.0 = Release|Any CPU
	EndGlobalSection
	GlobalSection(NestedProjects) = preSolution
		{6B6CBA0E-BF2F-4664-B624-2C4B5432CBB6} = {45B609D6-A124-473A-947D-A1EC9084D301}
	EndGlobalSection
EndGlobal
